
Microsoft Visual Studio Solution File, Format Version 12.00
# Visual Studio Version 17
VisualStudioVersion = 17.9.34728.123
MinimumVisualStudioVersion = 10.0.40219.1
Project("{FAE04EC0-301F-11D3-BF4B-00C04F79EFBC}") = "PortTunnel_forWindowsXP_1", "PortTunnel_forWindowsXP_1.csproj", "{13899512-8BD9-49E1-8875-7E0B838FEE84}"
EndProject
Project("{FAE04EC0-301F-11D3-BF4B-00C04F79EFBC}") = "PortTunnel_forWindowsXP_1_NUnit", "..\PortTunnel_forWindowsXP_1_Test\PortTunnel_forWindowsXP_1_NUnit.csproj", "{1C13BBC2-8C8F-4A4E-BBB2-E9EBE0393AE2}"
EndProject
Project("{FAE04EC0-301F-11D3-BF4B-00C04F79EFBC}") = "PortTunnel_forWindowsXP_1_MSTest", "..\PortTunnel_forWindowsXP_1_MSTest\PortTunnel_forWindowsXP_1_MSTest\PortTunnel_forWindowsXP_1_MSTest.csproj", "{43F27D1D-79CA-4A58-A469-ECD820CA28DA}"
EndProject
Global
	GlobalSection(SolutionConfigurationPlatforms) = preSolution
		Debug|Any CPU = Debug|Any CPU
		Debug|x86 = Debug|x86
		Release|Any CPU = Release|Any CPU
		Release|x86 = Release|x86
	EndGlobalSection
	GlobalSection(ProjectConfigurationPlatforms) = postSolution
		{13899512-8BD9-49E1-8875-7E0B838FEE84}.Debug|Any CPU.ActiveCfg = Debug|Any CPU
		{13899512-8BD9-49E1-8875-7E0B838FEE84}.Debug|Any CPU.Build.0 = Debug|Any CPU
		{13899512-8BD9-49E1-8875-7E0B838FEE84}.Debug|x86.ActiveCfg = Debug|x86
		{13899512-8BD9-49E1-8875-7E0B838FEE84}.Debug|x86.Build.0 = Debug|x86
		{13899512-8BD9-49E1-8875-7E0B838FEE84}.Release|Any CPU.ActiveCfg = Release|Any CPU
		{13899512-8BD9-49E1-8875-7E0B838FEE84}.Release|Any CPU.Build.0 = Release|Any CPU
		{13899512-8BD9-49E1-8875-7E0B838FEE84}.Release|x86.ActiveCfg = Release|x86
		{13899512-8BD9-49E1-8875-7E0B838FEE84}.Release|x86.Build.0 = Release|x86
		{1C13BBC2-8C8F-4A4E-BBB2-E9EBE0393AE2}.Debug|Any CPU.ActiveCfg = Debug|Any CPU
		{1C13BBC2-8C8F-4A4E-BBB2-E9EBE0393AE2}.Debug|Any CPU.Build.0 = Debug|Any CPU
		{1C13BBC2-8C8F-4A4E-BBB2-E9EBE0393AE2}.Debug|x86.ActiveCfg = Debug|Any CPU
		{1C13BBC2-8C8F-4A4E-BBB2-E9EBE0393AE2}.Debug|x86.Build.0 = Debug|Any CPU
		{1C13BBC2-8C8F-4A4E-BBB2-E9EBE0393AE2}.Release|Any CPU.ActiveCfg = Release|Any CPU
		{1C13BBC2-8C8F-4A4E-BBB2-E9EBE0393AE2}.Release|Any CPU.Build.0 = Release|Any CPU
		{1C13BBC2-8C8F-4A4E-BBB2-E9EBE0393AE2}.Release|x86.ActiveCfg = Release|Any CPU
		{1C13BBC2-8C8F-4A4E-BBB2-E9EBE0393AE2}.Release|x86.Build.0 = Release|Any CPU
		{43F27D1D-79CA-4A58-A469-ECD820CA28DA}.Debug|Any CPU.ActiveCfg = Debug|Any CPU
		{43F27D1D-79CA-4A58-A469-ECD820CA28DA}.Debug|Any CPU.Build.0 = Debug|Any CPU
		{43F27D1D-79CA-4A58-A469-ECD820CA28DA}.Debug|x86.ActiveCfg = Debug|Any CPU
		{43F27D1D-79CA-4A58-A469-ECD820CA28DA}.Debug|x86.Build.0 = Debug|Any CPU
		{43F27D1D-79CA-4A58-A469-ECD820CA28DA}.Release|Any CPU.ActiveCfg = Release|Any CPU
		{43F27D1D-79CA-4A58-A469-ECD820CA28DA}.Release|Any CPU.Build.0 = Release|Any CPU
		{43F27D1D-79CA-4A58-A469-ECD820CA28DA}.Release|x86.ActiveCfg = Release|Any CPU
		{43F27D1D-79CA-4A58-A469-ECD820CA28DA}.Release|x86.Build.0 = Release|Any CPU
	EndGlobalSection
	GlobalSection(SolutionProperties) = preSolution
		HideSolutionNode = FALSE
	EndGlobalSection
	GlobalSection(ExtensibilityGlobals) = postSolution
		SolutionGuid = {CFA2722A-5D2B-406E-99AC-D4DC0C706ECD}
	EndGlobalSection
EndGlobal
